{
  "version": 4,
  "terraform_version": "1.3.4",
  "serial": 335,
  "lineage": "9528056d-ee6b-f33a-ff34-8d49426780e9",
  "outputs": {
    "arn_rdsaurora": {
      "value": "arn:aws:rds:us-east-2:459539156751:cluster:rdsmoduleinstance1",
      "type": "string"
    }
  },
  "resources": [
    {
      "module": "module.rds",
      "mode": "data",
      "type": "aws_route53_zone",
      "name": "shoprunner-io-private",
      "provider": "provider[\"registry.terraform.io/hashicorp/aws\"]",
      "instances": [
        {
          "schema_version": 0,
          "attributes": {
            "arn": "arn:aws:route53:::hostedzone/Z049143310CSVZJCE0OI9",
            "caller_reference": "terraform-20200320145434362400000002",
            "comment": "Managed by Terraform",
            "id": "Z049143310CSVZJCE0OI9",
            "linked_service_description": null,
            "linked_service_principal": null,
            "name": "sandbox.shoprunner.io",
            "name_servers": [
              "ns-0.awsdns-00.com.",
              "ns-1024.awsdns-00.org.",
              "ns-1536.awsdns-00.co.uk.",
              "ns-512.awsdns-00.net."
            ],
            "private_zone": true,
            "resource_record_set_count": 6,
            "tags": {},
            "vpc_id": null,
            "zone_id": "Z049143310CSVZJCE0OI9"
          },
          "sensitive_attributes": []
        }
      ]
    },
    {
      "module": "module.rds",
      "mode": "data",
      "type": "aws_route53_zone",
      "name": "shoprunner-io-public",
      "provider": "provider[\"registry.terraform.io/hashicorp/aws\"]",
      "instances": [
        {
          "schema_version": 0,
          "attributes": {
            "arn": "arn:aws:route53:::hostedzone/Z09571932NT1UYRSKIA0O",
            "caller_reference": "42CBE861-7AE0-010C-BACD-5AC6535A876D",
            "comment": "",
            "id": "Z09571932NT1UYRSKIA0O",
            "linked_service_description": null,
            "linked_service_principal": null,
            "name": "sandbox.shoprunner.io",
            "name_servers": [
              "ns-711.awsdns-24.net",
              "ns-116.awsdns-14.com",
              "ns-1053.awsdns-03.org",
              "ns-1835.awsdns-37.co.uk"
            ],
            "private_zone": false,
            "resource_record_set_count": 20,
            "tags": {},
            "vpc_id": null,
            "zone_id": "Z09571932NT1UYRSKIA0O"
          },
          "sensitive_attributes": []
        }
      ]
    },
    {
      "module": "module.rds",
      "mode": "data",
      "type": "aws_security_group",
      "name": "rds_access",
      "provider": "provider[\"registry.terraform.io/hashicorp/aws\"]",
      "instances": [
        {
          "schema_version": 0,
          "attributes": {
            "arn": "arn:aws:ec2:us-east-2:459539156751:security-group/sg-0492fb0ade7168abe",
            "description": "module refactoring test",
            "filter": null,
            "id": "sg-0492fb0ade7168abe",
            "name": "rds-access-sandbox",
            "tags": {},
            "timeouts": null,
            "vpc_id": "vpc-188e4473"
          },
          "sensitive_attributes": []
        }
      ]
    },
    {
      "module": "module.rds",
      "mode": "managed",
      "type": "aws_rds_cluster",
      "name": "rdsaurora",
      "provider": "provider[\"registry.terraform.io/hashicorp/aws\"]",
      "instances": [
        {
          "schema_version": 0,
          "attributes": {
            "allocated_storage": 1,
            "allow_major_version_upgrade": null,
            "apply_immediately": null,
            "arn": "arn:aws:rds:us-east-2:459539156751:cluster:rdsmoduleinstance1",
            "availability_zones": [
              "us-east-2a",
              "us-east-2b",
              "us-east-2c"
            ],
            "backtrack_window": 0,
            "backup_retention_period": 3,
            "cluster_identifier": "rdsmoduleinstance1",
            "cluster_identifier_prefix": null,
            "cluster_members": [],
            "cluster_resource_id": "cluster-HQBROLBN4WS4MNMQS3USCVEVG4",
            "copy_tags_to_snapshot": true,
            "database_name": "rdsmoduledb",
            "db_cluster_instance_class": "",
            "db_cluster_parameter_group_name": "default.aurora-postgresql13",
            "db_instance_parameter_group_name": null,
            "db_subnet_group_name": "default-vpc-188e4473",
            "deletion_protection": false,
            "enable_global_write_forwarding": false,
            "enable_http_endpoint": false,
            "enabled_cloudwatch_logs_exports": null,
            "endpoint": "rdsmoduleinstance1.cluster-cirvzwawsmjj.us-east-2.rds.amazonaws.com",
            "engine": "aurora-postgresql",
            "engine_mode": "provisioned",
            "engine_version": "13",
            "engine_version_actual": "13.7",
            "final_snapshot_identifier": "rdsmoduleinstance1-final-snapshot",
            "global_cluster_identifier": "",
            "hosted_zone_id": "Z2XHWR1WZ565X2",
            "iam_database_authentication_enabled": false,
            "iam_roles": [],
            "id": "rdsmoduleinstance1",
            "iops": 0,
            "kms_key_id": "",
            "master_password": "eBJo2ZQLJOTacEIv",
            "master_username": "root",
            "network_type": "IPV4",
            "port": 5432,
            "preferred_backup_window": "05:12-05:42",
            "preferred_maintenance_window": "mon:07:00-mon:10:00",
            "reader_endpoint": "rdsmoduleinstance1.cluster-ro-cirvzwawsmjj.us-east-2.rds.amazonaws.com",
            "replication_source_identifier": "",
            "restore_to_point_in_time": [],
            "s3_import": [],
            "scaling_configuration": [],
            "serverlessv2_scaling_configuration": [],
            "skip_final_snapshot": true,
            "snapshot_identifier": null,
            "source_region": null,
            "storage_encrypted": false,
            "storage_type": "",
            "tags": {
              "Environment": "sandbox",
              "Owner": "titanstest",
              "Product": "titanstest",
              "Team": "titanstest",
              "data_classification": "internal_use",
              "tag1": "test",
              "tag2": "cloudtitans",
              "tf_module": "ShopRunner/terraform-aws-rds-aurora-postgres"
            },
            "tags_all": {
              "Environment": "sandbox",
              "Owner": "titanstest",
              "Product": "titanstest",
              "Team": "titanstest",
              "data_classification": "internal_use",
              "tag1": "test",
              "tag2": "cloudtitans",
              "tf_module": "ShopRunner/terraform-aws-rds-aurora-postgres"
            },
            "timeouts": null,
            "vpc_security_group_ids": [
              "sg-0492fb0ade7168abe"
            ]
          },
          "sensitive_attributes": [
            [
              {
                "type": "get_attr",
                "value": "master_password"
              }
            ]
          ],
          "private": "eyJlMmJmYjczMC1lY2FhLTExZTYtOGY4OC0zNDM2M2JjN2M0YzAiOnsiY3JlYXRlIjo3MjAwMDAwMDAwMDAwLCJkZWxldGUiOjcyMDAwMDAwMDAwMDAsInVwZGF0ZSI6NzIwMDAwMDAwMDAwMH19",
          "dependencies": [
            "module.rds.data.aws_security_group.rds_access",
            "module.rds.random_password.db_password"
          ]
        }
      ]
    },
    {
      "module": "module.rds",
      "mode": "managed",
      "type": "aws_rds_cluster_instance",
      "name": "cluster_instance",
      "provider": "provider[\"registry.terraform.io/hashicorp/aws\"]",
      "instances": [
        {
          "index_key": 0,
          "schema_version": 0,
          "attributes": {
            "apply_immediately": null,
            "arn": "arn:aws:rds:us-east-2:459539156751:db:rdsmoduleinstance1-0",
            "auto_minor_version_upgrade": true,
            "availability_zone": "us-east-2c",
            "ca_cert_identifier": "rds-ca-2019",
            "cluster_identifier": "rdsmoduleinstance1",
            "copy_tags_to_snapshot": false,
            "db_parameter_group_name": "default.aurora-postgresql13",
            "db_subnet_group_name": "default-vpc-188e4473",
            "dbi_resource_id": "db-5AYC34YBYYXZ5FFZ4CZAMYONQ4",
            "endpoint": "rdsmoduleinstance1-0.cirvzwawsmjj.us-east-2.rds.amazonaws.com",
            "engine": "aurora-postgresql",
            "engine_version": "13.7",
            "engine_version_actual": "13.7",
            "id": "rdsmoduleinstance1-0",
            "identifier": "rdsmoduleinstance1-0",
            "identifier_prefix": null,
            "instance_class": "db.r5.large",
            "kms_key_id": "",
            "monitoring_interval": 0,
            "monitoring_role_arn": "",
            "network_type": "IPV4",
            "performance_insights_enabled": false,
            "performance_insights_kms_key_id": "",
            "performance_insights_retention_period": 0,
            "port": 5432,
            "preferred_backup_window": "05:12-05:42",
            "preferred_maintenance_window": "sun:07:37-sun:08:07",
            "promotion_tier": 0,
            "publicly_accessible": false,
            "storage_encrypted": false,
            "tags": {
              "Environment": "sandbox",
              "Owner": "titanstest",
              "Product": "titanstest",
              "Team": "titanstest",
              "data_classification": "internal_use",
              "tag1": "test",
              "tag2": "cloudtitans",
              "tf_module": "ShopRunner/terraform-aws-rds-aurora-postgres"
            },
            "tags_all": {
              "Environment": "sandbox",
              "Owner": "titanstest",
              "Product": "titanstest",
              "Team": "titanstest",
              "data_classification": "internal_use",
              "tag1": "test",
              "tag2": "cloudtitans",
              "tf_module": "ShopRunner/terraform-aws-rds-aurora-postgres"
            },
            "timeouts": null,
            "writer": false
          },
          "sensitive_attributes": [],
          "private": "eyJlMmJmYjczMC1lY2FhLTExZTYtOGY4OC0zNDM2M2JjN2M0YzAiOnsiY3JlYXRlIjo1NDAwMDAwMDAwMDAwLCJkZWxldGUiOjU0MDAwMDAwMDAwMDAsInVwZGF0ZSI6NTQwMDAwMDAwMDAwMH19",
          "dependencies": [
            "module.rds.aws_rds_cluster.rdsaurora",
            "module.rds.data.aws_security_group.rds_access",
            "module.rds.random_password.db_password"
          ]
        }
      ]
    },
    {
      "module": "module.rds",
      "mode": "managed",
      "type": "aws_rds_cluster_instance",
      "name": "cluster_readonly_replica_instance",
      "provider": "provider[\"registry.terraform.io/hashicorp/aws\"]",
      "instances": [
        {
          "index_key": 0,
          "schema_version": 0,
          "attributes": {
            "apply_immediately": null,
            "arn": "arn:aws:rds:us-east-2:459539156751:db:rdsmoduleinstance1-ro-instance-0",
            "auto_minor_version_upgrade": true,
            "availability_zone": "us-east-2a",
            "ca_cert_identifier": "rds-ca-2019",
            "cluster_identifier": "rdsmoduleinstance1",
            "copy_tags_to_snapshot": false,
            "db_parameter_group_name": "default.aurora-postgresql13",
            "db_subnet_group_name": "default-vpc-188e4473",
            "dbi_resource_id": "db-UVMLQNTDZUAFP5O6HTUJUIIDJI",
            "endpoint": "rdsmoduleinstance1-ro-instance-0.cirvzwawsmjj.us-east-2.rds.amazonaws.com",
            "engine": "aurora-postgresql",
            "engine_version": "13.7",
            "engine_version_actual": "13.7",
            "id": "rdsmoduleinstance1-ro-instance-0",
            "identifier": "rdsmoduleinstance1-ro-instance-0",
            "identifier_prefix": null,
            "instance_class": "db.r5.large",
            "kms_key_id": "",
            "monitoring_interval": 0,
            "monitoring_role_arn": "",
            "network_type": "IPV4",
            "performance_insights_enabled": false,
            "performance_insights_kms_key_id": "",
            "performance_insights_retention_period": 0,
            "port": 5432,
            "preferred_backup_window": "05:12-05:42",
            "preferred_maintenance_window": "fri:09:43-fri:10:13",
            "promotion_tier": 15,
            "publicly_accessible": false,
            "storage_encrypted": false,
            "tags": {
              "Environment": "sandbox",
              "Owner": "titanstest",
              "Product": "titanstest",
              "Team": "titanstest",
              "data_classification": "internal_use",
              "tag1": "test",
              "tag2": "cloudtitans",
              "tf_module": "ShopRunner/terraform-aws-rds-aurora-postgres"
            },
            "tags_all": {
              "Environment": "sandbox",
              "Owner": "titanstest",
              "Product": "titanstest",
              "Team": "titanstest",
              "data_classification": "internal_use",
              "tag1": "test",
              "tag2": "cloudtitans",
              "tf_module": "ShopRunner/terraform-aws-rds-aurora-postgres"
            },
            "timeouts": null,
            "writer": true
          },
          "sensitive_attributes": [],
          "private": "eyJlMmJmYjczMC1lY2FhLTExZTYtOGY4OC0zNDM2M2JjN2M0YzAiOnsiY3JlYXRlIjo1NDAwMDAwMDAwMDAwLCJkZWxldGUiOjU0MDAwMDAwMDAwMDAsInVwZGF0ZSI6NTQwMDAwMDAwMDAwMH19",
          "dependencies": [
            "module.rds.aws_rds_cluster.rdsaurora",
            "module.rds.data.aws_security_group.rds_access",
            "module.rds.random_password.db_password"
          ]
        }
      ]
    },
    {
      "module": "module.rds",
      "mode": "managed",
      "type": "aws_route53_record",
      "name": "rds-private",
      "provider": "provider[\"registry.terraform.io/hashicorp/aws\"]",
      "instances": [
        {
          "schema_version": 2,
          "attributes": {
            "alias": [],
            "allow_overwrite": null,
            "failover_routing_policy": [],
            "fqdn": "rds-rdsmoduleinstance1.sandbox.shoprunner.io",
            "geolocation_routing_policy": [],
            "health_check_id": null,
            "id": "Z049143310CSVZJCE0OI9_rds-rdsmoduleinstance1.sandbox.shoprunner.io_CNAME",
            "latency_routing_policy": [],
            "multivalue_answer_routing_policy": null,
            "name": "rds-rdsmoduleinstance1.sandbox.shoprunner.io",
            "records": [
              "rdsmoduleinstance1.cluster-cirvzwawsmjj.us-east-2.rds.amazonaws.com"
            ],
            "set_identifier": null,
            "ttl": 3600,
            "type": "CNAME",
            "weighted_routing_policy": [],
            "zone_id": "Z049143310CSVZJCE0OI9"
          },
          "sensitive_attributes": [],
          "private": "eyJzY2hlbWFfdmVyc2lvbiI6IjIifQ==",
          "dependencies": [
            "module.rds.aws_rds_cluster.rdsaurora",
            "module.rds.data.aws_route53_zone.shoprunner-io-private",
            "module.rds.data.aws_security_group.rds_access",
            "module.rds.random_password.db_password"
          ]
        }
      ]
    },
    {
      "module": "module.rds",
      "mode": "managed",
      "type": "aws_route53_record",
      "name": "rds-public",
      "provider": "provider[\"registry.terraform.io/hashicorp/aws\"]",
      "instances": [
        {
          "schema_version": 2,
          "attributes": {
            "alias": [],
            "allow_overwrite": null,
            "failover_routing_policy": [],
            "fqdn": "rds-rdsmoduleinstance1.sandbox.shoprunner.io",
            "geolocation_routing_policy": [],
            "health_check_id": null,
            "id": "Z09571932NT1UYRSKIA0O_rds-rdsmoduleinstance1.sandbox.shoprunner.io_CNAME",
            "latency_routing_policy": [],
            "multivalue_answer_routing_policy": null,
            "name": "rds-rdsmoduleinstance1.sandbox.shoprunner.io",
            "records": [
              "rdsmoduleinstance1.cluster-cirvzwawsmjj.us-east-2.rds.amazonaws.com"
            ],
            "set_identifier": null,
            "ttl": 3600,
            "type": "CNAME",
            "weighted_routing_policy": [],
            "zone_id": "Z09571932NT1UYRSKIA0O"
          },
          "sensitive_attributes": [],
          "private": "eyJzY2hlbWFfdmVyc2lvbiI6IjIifQ==",
          "dependencies": [
            "module.rds.aws_rds_cluster.rdsaurora",
            "module.rds.data.aws_route53_zone.shoprunner-io-public",
            "module.rds.data.aws_security_group.rds_access",
            "module.rds.random_password.db_password"
          ]
        }
      ]
    },
    {
      "module": "module.rds",
      "mode": "managed",
      "type": "aws_route53_record",
      "name": "rds-ro-private",
      "provider": "provider[\"registry.terraform.io/hashicorp/aws\"]",
      "instances": [
        {
          "schema_version": 2,
          "attributes": {
            "alias": [],
            "allow_overwrite": null,
            "failover_routing_policy": [],
            "fqdn": "rds-rdsmoduleinstance1-ro.sandbox.shoprunner.io",
            "geolocation_routing_policy": [],
            "health_check_id": null,
            "id": "Z049143310CSVZJCE0OI9_rds-rdsmoduleinstance1-ro.sandbox.shoprunner.io_CNAME",
            "latency_routing_policy": [],
            "multivalue_answer_routing_policy": null,
            "name": "rds-rdsmoduleinstance1-ro.sandbox.shoprunner.io",
            "records": [
              "rdsmoduleinstance1.cluster-ro-cirvzwawsmjj.us-east-2.rds.amazonaws.com"
            ],
            "set_identifier": null,
            "ttl": 3600,
            "type": "CNAME",
            "weighted_routing_policy": [],
            "zone_id": "Z049143310CSVZJCE0OI9"
          },
          "sensitive_attributes": [],
          "private": "eyJzY2hlbWFfdmVyc2lvbiI6IjIifQ==",
          "dependencies": [
            "module.rds.aws_rds_cluster.rdsaurora",
            "module.rds.data.aws_route53_zone.shoprunner-io-private",
            "module.rds.data.aws_security_group.rds_access",
            "module.rds.random_password.db_password"
          ]
        }
      ]
    },
    {
      "module": "module.rds",
      "mode": "managed",
      "type": "aws_route53_record",
      "name": "rds-ro-public",
      "provider": "provider[\"registry.terraform.io/hashicorp/aws\"]",
      "instances": [
        {
          "schema_version": 2,
          "attributes": {
            "alias": [],
            "allow_overwrite": null,
            "failover_routing_policy": [],
            "fqdn": "rds-rdsmoduleinstance1-ro.sandbox.shoprunner.io",
            "geolocation_routing_policy": [],
            "health_check_id": null,
            "id": "Z09571932NT1UYRSKIA0O_rds-rdsmoduleinstance1-ro.sandbox.shoprunner.io_CNAME",
            "latency_routing_policy": [],
            "multivalue_answer_routing_policy": null,
            "name": "rds-rdsmoduleinstance1-ro.sandbox.shoprunner.io",
            "records": [
              "rdsmoduleinstance1.cluster-ro-cirvzwawsmjj.us-east-2.rds.amazonaws.com"
            ],
            "set_identifier": null,
            "ttl": 3600,
            "type": "CNAME",
            "weighted_routing_policy": [],
            "zone_id": "Z09571932NT1UYRSKIA0O"
          },
          "sensitive_attributes": [],
          "private": "eyJzY2hlbWFfdmVyc2lvbiI6IjIifQ==",
          "dependencies": [
            "module.rds.aws_rds_cluster.rdsaurora",
            "module.rds.data.aws_route53_zone.shoprunner-io-public",
            "module.rds.data.aws_security_group.rds_access",
            "module.rds.random_password.db_password"
          ]
        }
      ]
    },
    {
      "module": "module.rds",
      "mode": "managed",
      "type": "random_password",
      "name": "db_password",
      "provider": "provider[\"registry.terraform.io/hashicorp/random\"]",
      "instances": [
        {
          "schema_version": 3,
          "attributes": {
            "bcrypt_hash": "$2a$10$q/xPJd8kxsIyPs8W1t2msOlPNaenofrs7DVoO44Vnd8DmvP4lFDjG",
            "id": "none",
            "keepers": null,
            "length": 16,
            "lower": true,
            "min_lower": 0,
            "min_numeric": 0,
            "min_special": 0,
            "min_upper": 0,
            "number": true,
            "numeric": true,
            "override_special": "!$#%^\u0026*()",
            "result": "eBJo2ZQLJOTacEIv",
            "special": true,
            "upper": true
          },
          "sensitive_attributes": []
        }
      ]
    }
  ],
  "check_results": null
}
